// !$*UTF8*$!
{
	archiveVersion = 1;
	classes = {
	};
	objectVersion = 48;
	objects = {

/* Begin PBXBuildFile section */
		151E21367D009A983A908C36 /* Pods_demo.framework in Frameworks */ = {isa = PBXBuildFile; fileRef = 96CA02F07816699BD37C1B57 /* Pods_demo.framework */; };
		8F33ED792074174300F210D2 /* CarInfoTableViewCell.swift in Sources */ = {isa = PBXBuildFile; fileRef = 8F33ED782074174300F210D2 /* CarInfoTableViewCell.swift */; };
		8F33ED7B20741BAE00F210D2 /* IntExtensions.swift in Sources */ = {isa = PBXBuildFile; fileRef = 8F33ED7A20741BAE00F210D2 /* IntExtensions.swift */; };
		8F33ED7F20741C2900F210D2 /* CarInfoTableViewCellTests.swift in Sources */ = {isa = PBXBuildFile; fileRef = 8F33ED7E20741C2900F210D2 /* CarInfoTableViewCellTests.swift */; };
		8F33ED8120741C4900F210D2 /* TestHelper.swift in Sources */ = {isa = PBXBuildFile; fileRef = 8F33ED8020741C4900F210D2 /* TestHelper.swift */; };
		8F33ED83207423ED00F210D2 /* CarTableViewDataSource.swift in Sources */ = {isa = PBXBuildFile; fileRef = 8F33ED82207423ED00F210D2 /* CarTableViewDataSource.swift */; };
		8F33ED9120742D4C00F210D2 /* AppUtils.swift in Sources */ = {isa = PBXBuildFile; fileRef = 8F33ED9020742D4C00F210D2 /* AppUtils.swift */; };
		8F33ED9520742DDD00F210D2 /* Localization.strings in Resources */ = {isa = PBXBuildFile; fileRef = 8F33ED9420742DDD00F210D2 /* Localization.strings */; };
		8F33EDAB2074388900F210D2 /* PlaceMarkTabPresenterInput.swift in Sources */ = {isa = PBXBuildFile; fileRef = 8F33EDA52074388800F210D2 /* PlaceMarkTabPresenterInput.swift */; };
		8F33EDAC2074388900F210D2 /* PlaceMarkInteractorOutput.swift in Sources */ = {isa = PBXBuildFile; fileRef = 8F33EDA62074388800F210D2 /* PlaceMarkInteractorOutput.swift */; };
		8F33EDAD2074388900F210D2 /* PlaceMarkInteractorInput.swift in Sources */ = {isa = PBXBuildFile; fileRef = 8F33EDA72074388800F210D2 /* PlaceMarkInteractorInput.swift */; };
		8F33EDAE2074388900F210D2 /* PlaceMarkInteractor.swift in Sources */ = {isa = PBXBuildFile; fileRef = 8F33EDA82074388800F210D2 /* PlaceMarkInteractor.swift */; };
		8F33EDAF2074388900F210D2 /* PlaceMarkTabViewInput.swift in Sources */ = {isa = PBXBuildFile; fileRef = 8F33EDA92074388900F210D2 /* PlaceMarkTabViewInput.swift */; };
		8F33EDB02074388900F210D2 /* PlaceMarkPresenter.swift in Sources */ = {isa = PBXBuildFile; fileRef = 8F33EDAA2074388900F210D2 /* PlaceMarkPresenter.swift */; };
		8F33EDB220743A4B00F210D2 /* UIViewExtensions.swift in Sources */ = {isa = PBXBuildFile; fileRef = 8F33EDB120743A4B00F210D2 /* UIViewExtensions.swift */; };
		8FA7300C2072B45600339030 /* BaseViewController.swift in Sources */ = {isa = PBXBuildFile; fileRef = 8FA7300B2072B45600339030 /* BaseViewController.swift */; };
		8FA7300F2072B4DE00339030 /* Constants.swift in Sources */ = {isa = PBXBuildFile; fileRef = 8FA7300E2072B4DE00339030 /* Constants.swift */; };
		8FA730122072B56200339030 /* ConstantsTests.swift in Sources */ = {isa = PBXBuildFile; fileRef = 8FA730112072B56200339030 /* ConstantsTests.swift */; };
		8FA730152072BB8400339030 /* PlacemarkResponse.swift in Sources */ = {isa = PBXBuildFile; fileRef = 8FA730142072BB8400339030 /* PlacemarkResponse.swift */; };
		8FA730172072BB8D00339030 /* Placemark.swift in Sources */ = {isa = PBXBuildFile; fileRef = 8FA730162072BB8D00339030 /* Placemark.swift */; };
		8FA730192072BC1400339030 /* PlacemarkResponseTests.swift in Sources */ = {isa = PBXBuildFile; fileRef = 8FA730182072BC1400339030 /* PlacemarkResponseTests.swift */; };
		8FA7301D2072BD8500339030 /* locations.json in Resources */ = {isa = PBXBuildFile; fileRef = 8FA7301C2072BD8500339030 /* locations.json */; };
		8FA730212072C73600339030 /* PlacemarkListService.swift in Sources */ = {isa = PBXBuildFile; fileRef = 8FA730202072C73600339030 /* PlacemarkListService.swift */; };
		8FA730262072C75A00339030 /* AlamofireDataRequestExtensions.swift in Sources */ = {isa = PBXBuildFile; fileRef = 8FA730232072C75A00339030 /* AlamofireDataRequestExtensions.swift */; };
		8FA730272072C75A00339030 /* BaseMappableNetworkRequest.swift in Sources */ = {isa = PBXBuildFile; fileRef = 8FA730242072C75A00339030 /* BaseMappableNetworkRequest.swift */; };
		8FA730282072C75A00339030 /* BaseNetworkRequest.swift in Sources */ = {isa = PBXBuildFile; fileRef = 8FA730252072C75A00339030 /* BaseNetworkRequest.swift */; };
		8FDC58AD2072E30E00F56F32 /* MapTabViewController.swift in Sources */ = {isa = PBXBuildFile; fileRef = 8FDC58AC2072E30E00F56F32 /* MapTabViewController.swift */; };
		8FDC58AF2072E31500F56F32 /* CarTabViewController.swift in Sources */ = {isa = PBXBuildFile; fileRef = 8FDC58AE2072E31500F56F32 /* CarTabViewController.swift */; };
		8FE4EF142072AC1400058CD1 /* AppDelegate.swift in Sources */ = {isa = PBXBuildFile; fileRef = 8FE4EF132072AC1400058CD1 /* AppDelegate.swift */; };
		8FE4EF162072AC1400058CD1 /* TabsViewController.swift in Sources */ = {isa = PBXBuildFile; fileRef = 8FE4EF152072AC1400058CD1 /* TabsViewController.swift */; };
		8FE4EF192072AC1400058CD1 /* Main.storyboard in Resources */ = {isa = PBXBuildFile; fileRef = 8FE4EF172072AC1400058CD1 /* Main.storyboard */; };
		8FE4EF1B2072AC1400058CD1 /* Assets.xcassets in Resources */ = {isa = PBXBuildFile; fileRef = 8FE4EF1A2072AC1400058CD1 /* Assets.xcassets */; };
		8FE4EF1E2072AC1400058CD1 /* LaunchScreen.storyboard in Resources */ = {isa = PBXBuildFile; fileRef = 8FE4EF1C2072AC1400058CD1 /* LaunchScreen.storyboard */; };
		8FE4EF292072AC1500058CD1 /* demoTests.swift in Sources */ = {isa = PBXBuildFile; fileRef = 8FE4EF282072AC1500058CD1 /* demoTests.swift */; };
		8FE4EF342072AC1500058CD1 /* demoUITests.swift in Sources */ = {isa = PBXBuildFile; fileRef = 8FE4EF332072AC1500058CD1 /* demoUITests.swift */; };
		B8174A1F74DEF91D0F900FAB /* Pods_demo_demoTests.framework in Frameworks */ = {isa = PBXBuildFile; fileRef = C87C88E01104097F3DEC7C99 /* Pods_demo_demoTests.framework */; };
		C3A432C11546183C32951252 /* Pods_demo_demoUITests.framework in Frameworks */ = {isa = PBXBuildFile; fileRef = D030BD68966483E4AA9064BC /* Pods_demo_demoUITests.framework */; };
/* End PBXBuildFile section */

/* Begin PBXContainerItemProxy section */
		8FE4EF252072AC1500058CD1 /* PBXContainerItemProxy */ = {
			isa = PBXContainerItemProxy;
			containerPortal = 8FE4EF082072AC1400058CD1 /* Project object */;
			proxyType = 1;
			remoteGlobalIDString = 8FE4EF0F2072AC1400058CD1;
			remoteInfo = demo;
		};
		8FE4EF302072AC1500058CD1 /* PBXContainerItemProxy */ = {
			isa = PBXContainerItemProxy;
			containerPortal = 8FE4EF082072AC1400058CD1 /* Project object */;
			proxyType = 1;
			remoteGlobalIDString = 8FE4EF0F2072AC1400058CD1;
			remoteInfo = demo;
		};
/* End PBXContainerItemProxy section */

/* Begin PBXFileReference section */
		044A856AFB17915064FAA2AA /* Pods-demo-demoTests.release.xcconfig */ = {isa = PBXFileReference; includeInIndex = 1; lastKnownFileType = text.xcconfig; name = "Pods-demo-demoTests.release.xcconfig"; path = "Pods/Target Support Files/Pods-demo-demoTests/Pods-demo-demoTests.release.xcconfig"; sourceTree = "<group>"; };
		1DC914F407BAD680F3D34426 /* Pods-demo-demoUITests.debug.xcconfig */ = {isa = PBXFileReference; includeInIndex = 1; lastKnownFileType = text.xcconfig; name = "Pods-demo-demoUITests.debug.xcconfig"; path = "Pods/Target Support Files/Pods-demo-demoUITests/Pods-demo-demoUITests.debug.xcconfig"; sourceTree = "<group>"; };
		38758ED84E870059870926DB /* Pods-demo-demoTests.debug.xcconfig */ = {isa = PBXFileReference; includeInIndex = 1; lastKnownFileType = text.xcconfig; name = "Pods-demo-demoTests.debug.xcconfig"; path = "Pods/Target Support Files/Pods-demo-demoTests/Pods-demo-demoTests.debug.xcconfig"; sourceTree = "<group>"; };
		6517B9E76C0D8B4070D948F6 /* Pods-demo.debug.xcconfig */ = {isa = PBXFileReference; includeInIndex = 1; lastKnownFileType = text.xcconfig; name = "Pods-demo.debug.xcconfig"; path = "Pods/Target Support Files/Pods-demo/Pods-demo.debug.xcconfig"; sourceTree = "<group>"; };
		8F33ED782074174300F210D2 /* CarInfoTableViewCell.swift */ = {isa = PBXFileReference; lastKnownFileType = sourcecode.swift; path = CarInfoTableViewCell.swift; sourceTree = "<group>"; };
		8F33ED7A20741BAE00F210D2 /* IntExtensions.swift */ = {isa = PBXFileReference; lastKnownFileType = sourcecode.swift; path = IntExtensions.swift; sourceTree = "<group>"; };
		8F33ED7E20741C2900F210D2 /* CarInfoTableViewCellTests.swift */ = {isa = PBXFileReference; lastKnownFileType = sourcecode.swift; path = CarInfoTableViewCellTests.swift; sourceTree = "<group>"; };
		8F33ED8020741C4900F210D2 /* TestHelper.swift */ = {isa = PBXFileReference; lastKnownFileType = sourcecode.swift; path = TestHelper.swift; sourceTree = "<group>"; };
		8F33ED82207423ED00F210D2 /* CarTableViewDataSource.swift */ = {isa = PBXFileReference; lastKnownFileType = sourcecode.swift; path = CarTableViewDataSource.swift; sourceTree = "<group>"; };
		8F33ED9020742D4C00F210D2 /* AppUtils.swift */ = {isa = PBXFileReference; lastKnownFileType = sourcecode.swift; path = AppUtils.swift; sourceTree = "<group>"; };
		8F33ED9420742DDD00F210D2 /* Localization.strings */ = {isa = PBXFileReference; lastKnownFileType = text.plist.strings; path = Localization.strings; sourceTree = "<group>"; };
		8F33EDA52074388800F210D2 /* PlaceMarkTabPresenterInput.swift */ = {isa = PBXFileReference; fileEncoding = 4; lastKnownFileType = sourcecode.swift; path = PlaceMarkTabPresenterInput.swift; sourceTree = "<group>"; };
		8F33EDA62074388800F210D2 /* PlaceMarkInteractorOutput.swift */ = {isa = PBXFileReference; fileEncoding = 4; lastKnownFileType = sourcecode.swift; path = PlaceMarkInteractorOutput.swift; sourceTree = "<group>"; };
		8F33EDA72074388800F210D2 /* PlaceMarkInteractorInput.swift */ = {isa = PBXFileReference; fileEncoding = 4; lastKnownFileType = sourcecode.swift; path = PlaceMarkInteractorInput.swift; sourceTree = "<group>"; };
		8F33EDA82074388800F210D2 /* PlaceMarkInteractor.swift */ = {isa = PBXFileReference; fileEncoding = 4; lastKnownFileType = sourcecode.swift; path = PlaceMarkInteractor.swift; sourceTree = "<group>"; };
		8F33EDA92074388900F210D2 /* PlaceMarkTabViewInput.swift */ = {isa = PBXFileReference; fileEncoding = 4; lastKnownFileType = sourcecode.swift; path = PlaceMarkTabViewInput.swift; sourceTree = "<group>"; };
		8F33EDAA2074388900F210D2 /* PlaceMarkPresenter.swift */ = {isa = PBXFileReference; fileEncoding = 4; lastKnownFileType = sourcecode.swift; path = PlaceMarkPresenter.swift; sourceTree = "<group>"; };
		8F33EDB120743A4B00F210D2 /* UIViewExtensions.swift */ = {isa = PBXFileReference; lastKnownFileType = sourcecode.swift; path = UIViewExtensions.swift; sourceTree = "<group>"; };
		8FA7300B2072B45600339030 /* BaseViewController.swift */ = {isa = PBXFileReference; lastKnownFileType = sourcecode.swift; path = BaseViewController.swift; sourceTree = "<group>"; };
		8FA7300E2072B4DE00339030 /* Constants.swift */ = {isa = PBXFileReference; lastKnownFileType = sourcecode.swift; path = Constants.swift; sourceTree = "<group>"; };
		8FA730112072B56200339030 /* ConstantsTests.swift */ = {isa = PBXFileReference; lastKnownFileType = sourcecode.swift; path = ConstantsTests.swift; sourceTree = "<group>"; };
		8FA730142072BB8400339030 /* PlacemarkResponse.swift */ = {isa = PBXFileReference; lastKnownFileType = sourcecode.swift; path = PlacemarkResponse.swift; sourceTree = "<group>"; };
		8FA730162072BB8D00339030 /* Placemark.swift */ = {isa = PBXFileReference; lastKnownFileType = sourcecode.swift; path = Placemark.swift; sourceTree = "<group>"; };
		8FA730182072BC1400339030 /* PlacemarkResponseTests.swift */ = {isa = PBXFileReference; lastKnownFileType = sourcecode.swift; path = PlacemarkResponseTests.swift; sourceTree = "<group>"; };
		8FA7301C2072BD8500339030 /* locations.json */ = {isa = PBXFileReference; fileEncoding = 4; lastKnownFileType = text.json; path = locations.json; sourceTree = "<group>"; };
		8FA730202072C73600339030 /* PlacemarkListService.swift */ = {isa = PBXFileReference; lastKnownFileType = sourcecode.swift; path = PlacemarkListService.swift; sourceTree = "<group>"; };
		8FA730232072C75A00339030 /* AlamofireDataRequestExtensions.swift */ = {isa = PBXFileReference; fileEncoding = 4; lastKnownFileType = sourcecode.swift; path = AlamofireDataRequestExtensions.swift; sourceTree = "<group>"; };
		8FA730242072C75A00339030 /* BaseMappableNetworkRequest.swift */ = {isa = PBXFileReference; fileEncoding = 4; lastKnownFileType = sourcecode.swift; path = BaseMappableNetworkRequest.swift; sourceTree = "<group>"; };
		8FA730252072C75A00339030 /* BaseNetworkRequest.swift */ = {isa = PBXFileReference; fileEncoding = 4; lastKnownFileType = sourcecode.swift; path = BaseNetworkRequest.swift; sourceTree = "<group>"; };
		8FDC58AC2072E30E00F56F32 /* MapTabViewController.swift */ = {isa = PBXFileReference; lastKnownFileType = sourcecode.swift; path = MapTabViewController.swift; sourceTree = "<group>"; };
		8FDC58AE2072E31500F56F32 /* CarTabViewController.swift */ = {isa = PBXFileReference; lastKnownFileType = sourcecode.swift; path = CarTabViewController.swift; sourceTree = "<group>"; };
		8FE4EF102072AC1400058CD1 /* demo.app */ = {isa = PBXFileReference; explicitFileType = wrapper.application; includeInIndex = 0; path = demo.app; sourceTree = BUILT_PRODUCTS_DIR; };
		8FE4EF132072AC1400058CD1 /* AppDelegate.swift */ = {isa = PBXFileReference; lastKnownFileType = sourcecode.swift; path = AppDelegate.swift; sourceTree = "<group>"; };
		8FE4EF152072AC1400058CD1 /* TabsViewController.swift */ = {isa = PBXFileReference; lastKnownFileType = sourcecode.swift; path = TabsViewController.swift; sourceTree = "<group>"; };
		8FE4EF182072AC1400058CD1 /* Base */ = {isa = PBXFileReference; lastKnownFileType = file.storyboard; name = Base; path = Base.lproj/Main.storyboard; sourceTree = "<group>"; };
		8FE4EF1A2072AC1400058CD1 /* Assets.xcassets */ = {isa = PBXFileReference; lastKnownFileType = folder.assetcatalog; path = Assets.xcassets; sourceTree = "<group>"; };
		8FE4EF1D2072AC1400058CD1 /* Base */ = {isa = PBXFileReference; lastKnownFileType = file.storyboard; name = Base; path = Base.lproj/LaunchScreen.storyboard; sourceTree = "<group>"; };
		8FE4EF1F2072AC1400058CD1 /* Info.plist */ = {isa = PBXFileReference; lastKnownFileType = text.plist.xml; path = Info.plist; sourceTree = "<group>"; };
		8FE4EF242072AC1500058CD1 /* demoTests.xctest */ = {isa = PBXFileReference; explicitFileType = wrapper.cfbundle; includeInIndex = 0; path = demoTests.xctest; sourceTree = BUILT_PRODUCTS_DIR; };
		8FE4EF282072AC1500058CD1 /* demoTests.swift */ = {isa = PBXFileReference; lastKnownFileType = sourcecode.swift; path = demoTests.swift; sourceTree = "<group>"; };
		8FE4EF2A2072AC1500058CD1 /* Info.plist */ = {isa = PBXFileReference; lastKnownFileType = text.plist.xml; path = Info.plist; sourceTree = "<group>"; };
		8FE4EF2F2072AC1500058CD1 /* demoUITests.xctest */ = {isa = PBXFileReference; explicitFileType = wrapper.cfbundle; includeInIndex = 0; path = demoUITests.xctest; sourceTree = BUILT_PRODUCTS_DIR; };
		8FE4EF332072AC1500058CD1 /* demoUITests.swift */ = {isa = PBXFileReference; lastKnownFileType = sourcecode.swift; path = demoUITests.swift; sourceTree = "<group>"; };
		8FE4EF352072AC1500058CD1 /* Info.plist */ = {isa = PBXFileReference; lastKnownFileType = text.plist.xml; path = Info.plist; sourceTree = "<group>"; };
		96CA02F07816699BD37C1B57 /* Pods_demo.framework */ = {isa = PBXFileReference; explicitFileType = wrapper.framework; includeInIndex = 0; path = Pods_demo.framework; sourceTree = BUILT_PRODUCTS_DIR; };
		C341F7A201BCEB27455F2562 /* Pods-demo-demoUITests.release.xcconfig */ = {isa = PBXFileReference; includeInIndex = 1; lastKnownFileType = text.xcconfig; name = "Pods-demo-demoUITests.release.xcconfig"; path = "Pods/Target Support Files/Pods-demo-demoUITests/Pods-demo-demoUITests.release.xcconfig"; sourceTree = "<group>"; };
		C87C88E01104097F3DEC7C99 /* Pods_demo_demoTests.framework */ = {isa = PBXFileReference; explicitFileType = wrapper.framework; includeInIndex = 0; path = Pods_demo_demoTests.framework; sourceTree = BUILT_PRODUCTS_DIR; };
		D030BD68966483E4AA9064BC /* Pods_demo_demoUITests.framework */ = {isa = PBXFileReference; explicitFileType = wrapper.framework; includeInIndex = 0; path = Pods_demo_demoUITests.framework; sourceTree = BUILT_PRODUCTS_DIR; };
		F77C29E1F12A47ECF40669F3 /* Pods-demo.release.xcconfig */ = {isa = PBXFileReference; includeInIndex = 1; lastKnownFileType = text.xcconfig; name = "Pods-demo.release.xcconfig"; path = "Pods/Target Support Files/Pods-demo/Pods-demo.release.xcconfig"; sourceTree = "<group>"; };
/* End PBXFileReference section */

/* Begin PBXFrameworksBuildPhase section */
		8FE4EF0D2072AC1400058CD1 /* Frameworks */ = {
			isa = PBXFrameworksBuildPhase;
			buildActionMask = 2147483647;
			files = (
				151E21367D009A983A908C36 /* Pods_demo.framework in Frameworks */,
			);
			runOnlyForDeploymentPostprocessing = 0;
		};
		8FE4EF212072AC1500058CD1 /* Frameworks */ = {
			isa = PBXFrameworksBuildPhase;
			buildActionMask = 2147483647;
			files = (
				B8174A1F74DEF91D0F900FAB /* Pods_demo_demoTests.framework in Frameworks */,
			);
			runOnlyForDeploymentPostprocessing = 0;
		};
		8FE4EF2C2072AC1500058CD1 /* Frameworks */ = {
			isa = PBXFrameworksBuildPhase;
			buildActionMask = 2147483647;
			files = (
				C3A432C11546183C32951252 /* Pods_demo_demoUITests.framework in Frameworks */,
			);
			runOnlyForDeploymentPostprocessing = 0;
		};
/* End PBXFrameworksBuildPhase section */

/* Begin PBXGroup section */
		4AE95C653CC098AC3B949783 /* Pods */ = {
			isa = PBXGroup;
			children = (
				6517B9E76C0D8B4070D948F6 /* Pods-demo.debug.xcconfig */,
				F77C29E1F12A47ECF40669F3 /* Pods-demo.release.xcconfig */,
				1DC914F407BAD680F3D34426 /* Pods-demo-demoUITests.debug.xcconfig */,
				C341F7A201BCEB27455F2562 /* Pods-demo-demoUITests.release.xcconfig */,
				38758ED84E870059870926DB /* Pods-demo-demoTests.debug.xcconfig */,
				044A856AFB17915064FAA2AA /* Pods-demo-demoTests.release.xcconfig */,
			);
			name = Pods;
			sourceTree = "<group>";
		};
		8E1C38B77054D06068FA708C /* Frameworks */ = {
			isa = PBXGroup;
			children = (
				96CA02F07816699BD37C1B57 /* Pods_demo.framework */,
				D030BD68966483E4AA9064BC /* Pods_demo_demoUITests.framework */,
				C87C88E01104097F3DEC7C99 /* Pods_demo_demoTests.framework */,
			);
			name = Frameworks;
			sourceTree = "<group>";
		};
		8F33ED772074173500F210D2 /* Cells */ = {
			isa = PBXGroup;
			children = (
				8F33ED782074174300F210D2 /* CarInfoTableViewCell.swift */,
			);
			path = Cells;
			sourceTree = "<group>";
		};
		8F33ED7C20741C1B00F210D2 /* UI */ = {
			isa = PBXGroup;
			children = (
				8F33ED7D20741C2200F210D2 /* Cell */,
			);
			path = UI;
			sourceTree = "<group>";
		};
		8F33ED7D20741C2200F210D2 /* Cell */ = {
			isa = PBXGroup;
			children = (
				8F33ED7E20741C2900F210D2 /* CarInfoTableViewCellTests.swift */,
			);
			path = Cell;
			sourceTree = "<group>";
		};
		8F33ED9320742DCF00F210D2 /* Resources */ = {
			isa = PBXGroup;
			children = (
				8F33ED9420742DDD00F210D2 /* Localization.strings */,
			);
			path = Resources;
			sourceTree = "<group>";
		};
		8F33EDA42074386800F210D2 /* Viper Compnents */ = {
			isa = PBXGroup;
			children = (
				8F33EDA82074388800F210D2 /* PlaceMarkInteractor.swift */,
				8F33EDA72074388800F210D2 /* PlaceMarkInteractorInput.swift */,
				8F33EDA62074388800F210D2 /* PlaceMarkInteractorOutput.swift */,
				8F33EDAA2074388900F210D2 /* PlaceMarkPresenter.swift */,
				8F33EDA52074388800F210D2 /* PlaceMarkTabPresenterInput.swift */,
				8F33EDA92074388900F210D2 /* PlaceMarkTabViewInput.swift */,
			);
			path = "Viper Compnents";
			sourceTree = "<group>";
		};
		8FA730052072B40600339030 /* UI */ = {
			isa = PBXGroup;
			children = (
				8F33EDA42074386800F210D2 /* Viper Compnents */,
				8F33ED772074173500F210D2 /* Cells */,
				8FA7300A2072B44F00339030 /* Base */,
				8FDC58AB2072E29400F56F32 /* MapTab */,
				8FDC58AA2072E28C00F56F32 /* CarTab */,
				8FA7300D2072B46600339030 /* Tabs */,
			);
			path = UI;
			sourceTree = "<group>";
		};
		8FA730062072B40D00339030 /* Models */ = {
			isa = PBXGroup;
			children = (
				8FA730142072BB8400339030 /* PlacemarkResponse.swift */,
				8FA730162072BB8D00339030 /* Placemark.swift */,
			);
			path = Models;
			sourceTree = "<group>";
		};
		8FA730072072B41400339030 /* Network */ = {
			isa = PBXGroup;
			children = (
				8FA730222072C75A00339030 /* Base */,
				8FA730202072C73600339030 /* PlacemarkListService.swift */,
			);
			path = Network;
			sourceTree = "<group>";
		};
		8FA730082072B41B00339030 /* Utils */ = {
			isa = PBXGroup;
			children = (
				8FA7300E2072B4DE00339030 /* Constants.swift */,
				8F33ED7A20741BAE00F210D2 /* IntExtensions.swift */,
				8F33ED9020742D4C00F210D2 /* AppUtils.swift */,
				8F33EDB120743A4B00F210D2 /* UIViewExtensions.swift */,
			);
			path = Utils;
			sourceTree = "<group>";
		};
		8FA7300A2072B44F00339030 /* Base */ = {
			isa = PBXGroup;
			children = (
				8FA7300B2072B45600339030 /* BaseViewController.swift */,
			);
			path = Base;
			sourceTree = "<group>";
		};
		8FA7300D2072B46600339030 /* Tabs */ = {
			isa = PBXGroup;
			children = (
				8FE4EF152072AC1400058CD1 /* TabsViewController.swift */,
				8FE4EF172072AC1400058CD1 /* Main.storyboard */,
			);
			path = Tabs;
			sourceTree = "<group>";
		};
		8FA730102072B55800339030 /* Utils */ = {
			isa = PBXGroup;
			children = (
				8FA730112072B56200339030 /* ConstantsTests.swift */,
			);
			path = Utils;
			sourceTree = "<group>";
		};
		8FA730132072BB6B00339030 /* Models */ = {
			isa = PBXGroup;
			children = (
				8FA730182072BC1400339030 /* PlacemarkResponseTests.swift */,
				8FA7301C2072BD8500339030 /* locations.json */,
			);
			path = Models;
			sourceTree = "<group>";
		};
		8FA730222072C75A00339030 /* Base */ = {
			isa = PBXGroup;
			children = (
				8FA730232072C75A00339030 /* AlamofireDataRequestExtensions.swift */,
				8FA730242072C75A00339030 /* BaseMappableNetworkRequest.swift */,
				8FA730252072C75A00339030 /* BaseNetworkRequest.swift */,
			);
			path = Base;
			sourceTree = "<group>";
		};
		8FDC58AA2072E28C00F56F32 /* CarTab */ = {
			isa = PBXGroup;
			children = (
				8FDC58AE2072E31500F56F32 /* CarTabViewController.swift */,
				8F33ED82207423ED00F210D2 /* CarTableViewDataSource.swift */,
			);
			path = CarTab;
			sourceTree = "<group>";
		};
		8FDC58AB2072E29400F56F32 /* MapTab */ = {
			isa = PBXGroup;
			children = (
				8FDC58AC2072E30E00F56F32 /* MapTabViewController.swift */,
			);
			path = MapTab;
			sourceTree = "<group>";
		};
		8FE4EF072072AC1400058CD1 = {
			isa = PBXGroup;
			children = (
				8FE4EF122072AC1400058CD1 /* demo */,
				8FE4EF272072AC1500058CD1 /* demoTests */,
				8FE4EF322072AC1500058CD1 /* demoUITests */,
				8FE4EF112072AC1400058CD1 /* Products */,
				4AE95C653CC098AC3B949783 /* Pods */,
				8E1C38B77054D06068FA708C /* Frameworks */,
			);
			sourceTree = "<group>";
		};
		8FE4EF112072AC1400058CD1 /* Products */ = {
			isa = PBXGroup;
			children = (
				8FE4EF102072AC1400058CD1 /* demo.app */,
				8FE4EF242072AC1500058CD1 /* demoTests.xctest */,
				8FE4EF2F2072AC1500058CD1 /* demoUITests.xctest */,
			);
			name = Products;
			sourceTree = "<group>";
		};
		8FE4EF122072AC1400058CD1 /* demo */ = {
			isa = PBXGroup;
			children = (
				8F33ED9320742DCF00F210D2 /* Resources */,
				8FA730082072B41B00339030 /* Utils */,
				8FA730072072B41400339030 /* Network */,
				8FA730062072B40D00339030 /* Models */,
				8FA730052072B40600339030 /* UI */,
				8FE4EF132072AC1400058CD1 /* AppDelegate.swift */,
				8FE4EF1A2072AC1400058CD1 /* Assets.xcassets */,
				8FE4EF1C2072AC1400058CD1 /* LaunchScreen.storyboard */,
				8FE4EF1F2072AC1400058CD1 /* Info.plist */,
			);
			path = demo;
			sourceTree = "<group>";
		};
		8FE4EF272072AC1500058CD1 /* demoTests */ = {
			isa = PBXGroup;
			children = (
				8F33ED7C20741C1B00F210D2 /* UI */,
				8FA730132072BB6B00339030 /* Models */,
				8FA730102072B55800339030 /* Utils */,
				8FE4EF282072AC1500058CD1 /* demoTests.swift */,
				8FE4EF2A2072AC1500058CD1 /* Info.plist */,
				8F33ED8020741C4900F210D2 /* TestHelper.swift */,
			);
			path = demoTests;
			sourceTree = "<group>";
		};
		8FE4EF322072AC1500058CD1 /* demoUITests */ = {
			isa = PBXGroup;
			children = (
				8FE4EF332072AC1500058CD1 /* demoUITests.swift */,
				8FE4EF352072AC1500058CD1 /* Info.plist */,
			);
			path = demoUITests;
			sourceTree = "<group>";
		};
/* End PBXGroup section */

/* Begin PBXNativeTarget section */
		8FE4EF0F2072AC1400058CD1 /* demo */ = {
			isa = PBXNativeTarget;
			buildConfigurationList = 8FE4EF382072AC1500058CD1 /* Build configuration list for PBXNativeTarget "demo" */;
			buildPhases = (
				947C106C6D80CA063D55BEAE /* [CP] Check Pods Manifest.lock */,
				8FE4EF0C2072AC1400058CD1 /* Sources */,
				8FE4EF0D2072AC1400058CD1 /* Frameworks */,
				8FE4EF0E2072AC1400058CD1 /* Resources */,
				B045882F126105150CFB1213 /* [CP] Embed Pods Frameworks */,
				E4B18767047E9AD6E54AAA08 /* [CP] Copy Pods Resources */,
			);
			buildRules = (
			);
			dependencies = (
			);
			name = demo;
			productName = demo;
			productReference = 8FE4EF102072AC1400058CD1 /* demo.app */;
			productType = "com.apple.product-type.application";
		};
		8FE4EF232072AC1500058CD1 /* demoTests */ = {
			isa = PBXNativeTarget;
			buildConfigurationList = 8FE4EF3B2072AC1500058CD1 /* Build configuration list for PBXNativeTarget "demoTests" */;
			buildPhases = (
				FBE8BCDD13A9571E30E7D222 /* [CP] Check Pods Manifest.lock */,
				8FE4EF202072AC1500058CD1 /* Sources */,
				8FE4EF212072AC1500058CD1 /* Frameworks */,
				8FE4EF222072AC1500058CD1 /* Resources */,
				23BCA8F1EA870EBD6ADEFF89 /* [CP] Embed Pods Frameworks */,
				26D4A1C494CF58972EF9F078 /* [CP] Copy Pods Resources */,
			);
			buildRules = (
			);
			dependencies = (
				8FE4EF262072AC1500058CD1 /* PBXTargetDependency */,
			);
			name = demoTests;
			productName = demoTests;
			productReference = 8FE4EF242072AC1500058CD1 /* demoTests.xctest */;
			productType = "com.apple.product-type.bundle.unit-test";
		};
		8FE4EF2E2072AC1500058CD1 /* demoUITests */ = {
			isa = PBXNativeTarget;
			buildConfigurationList = 8FE4EF3E2072AC1500058CD1 /* Build configuration list for PBXNativeTarget "demoUITests" */;
			buildPhases = (
				965AA3E024585557DC391BE5 /* [CP] Check Pods Manifest.lock */,
				8FE4EF2B2072AC1500058CD1 /* Sources */,
				8FE4EF2C2072AC1500058CD1 /* Frameworks */,
				8FE4EF2D2072AC1500058CD1 /* Resources */,
				C5CBE2A20DF61EEF887B9764 /* [CP] Embed Pods Frameworks */,
				4FDF70A1CFF41DC7A3246E7C /* [CP] Copy Pods Resources */,
			);
			buildRules = (
			);
			dependencies = (
				8FE4EF312072AC1500058CD1 /* PBXTargetDependency */,
			);
			name = demoUITests;
			productName = demoUITests;
			productReference = 8FE4EF2F2072AC1500058CD1 /* demoUITests.xctest */;
			productType = "com.apple.product-type.bundle.ui-testing";
		};
/* End PBXNativeTarget section */

/* Begin PBXProject section */
		8FE4EF082072AC1400058CD1 /* Project object */ = {
			isa = PBXProject;
			attributes = {
				LastSwiftUpdateCheck = 0920;
				LastUpgradeCheck = 0920;
				ORGANIZATIONNAME = "Bassem Qoulta";
				TargetAttributes = {
					8FE4EF0F2072AC1400058CD1 = {
						CreatedOnToolsVersion = 9.2;
						ProvisioningStyle = Automatic;
					};
					8FE4EF232072AC1500058CD1 = {
						CreatedOnToolsVersion = 9.2;
						ProvisioningStyle = Automatic;
						TestTargetID = 8FE4EF0F2072AC1400058CD1;
					};
					8FE4EF2E2072AC1500058CD1 = {
						CreatedOnToolsVersion = 9.2;
						ProvisioningStyle = Automatic;
						TestTargetID = 8FE4EF0F2072AC1400058CD1;
					};
				};
			};
			buildConfigurationList = 8FE4EF0B2072AC1400058CD1 /* Build configuration list for PBXProject "demo" */;
			compatibilityVersion = "Xcode 8.0";
			developmentRegion = en;
			hasScannedForEncodings = 0;
			knownRegions = (
				en,
				Base,
			);
			mainGroup = 8FE4EF072072AC1400058CD1;
			productRefGroup = 8FE4EF112072AC1400058CD1 /* Products */;
			projectDirPath = "";
			projectRoot = "";
			targets = (
				8FE4EF0F2072AC1400058CD1 /* demo */,
				8FE4EF232072AC1500058CD1 /* demoTests */,
				8FE4EF2E2072AC1500058CD1 /* demoUITests */,
			);
		};
/* End PBXProject section */

/* Begin PBXResourcesBuildPhase section */
		8FE4EF0E2072AC1400058CD1 /* Resources */ = {
			isa = PBXResourcesBuildPhase;
			buildActionMask = 2147483647;
			files = (
				8FE4EF1E2072AC1400058CD1 /* LaunchScreen.storyboard in Resources */,
				8F33ED9520742DDD00F210D2 /* Localization.strings in Resources */,
				8FE4EF1B2072AC1400058CD1 /* Assets.xcassets in Resources */,
				8FE4EF192072AC1400058CD1 /* Main.storyboard in Resources */,
			);
			runOnlyForDeploymentPostprocessing = 0;
		};
		8FE4EF222072AC1500058CD1 /* Resources */ = {
			isa = PBXResourcesBuildPhase;
			buildActionMask = 2147483647;
			files = (
				8FA7301D2072BD8500339030 /* locations.json in Resources */,
			);
			runOnlyForDeploymentPostprocessing = 0;
		};
		8FE4EF2D2072AC1500058CD1 /* Resources */ = {
			isa = PBXResourcesBuildPhase;
			buildActionMask = 2147483647;
			files = (
			);
			runOnlyForDeploymentPostprocessing = 0;
		};
/* End PBXResourcesBuildPhase section */

/* Begin PBXShellScriptBuildPhase section */
		23BCA8F1EA870EBD6ADEFF89 /* [CP] Embed Pods Frameworks */ = {
			isa = PBXShellScriptBuildPhase;
			buildActionMask = 2147483647;
			files = (
			);
			inputPaths = (
				"${SRCROOT}/Pods/Target Support Files/Pods-demo-demoTests/Pods-demo-demoTests-frameworks.sh",
				"${BUILT_PRODUCTS_DIR}/Alamofire/Alamofire.framework",
				"${BUILT_PRODUCTS_DIR}/AlamofireObjectMapper/AlamofireObjectMapper.framework",
				"${BUILT_PRODUCTS_DIR}/Localize-Swift/Localize_Swift.framework",
				"${BUILT_PRODUCTS_DIR}/ObjectMapper/ObjectMapper.framework",
				"${BUILT_PRODUCTS_DIR}/RxAlamofire/RxAlamofire.framework",
				"${BUILT_PRODUCTS_DIR}/RxCocoa/RxCocoa.framework",
				"${BUILT_PRODUCTS_DIR}/RxSwift/RxSwift.framework",
				"${BUILT_PRODUCTS_DIR}/Nimble/Nimble.framework",
				"${BUILT_PRODUCTS_DIR}/Quick/Quick.framework",
			);
			name = "[CP] Embed Pods Frameworks";
			outputPaths = (
				"${TARGET_BUILD_DIR}/${FRAMEWORKS_FOLDER_PATH}/Alamofire.framework",
				"${TARGET_BUILD_DIR}/${FRAMEWORKS_FOLDER_PATH}/AlamofireObjectMapper.framework",
				"${TARGET_BUILD_DIR}/${FRAMEWORKS_FOLDER_PATH}/Localize_Swift.framework",
				"${TARGET_BUILD_DIR}/${FRAMEWORKS_FOLDER_PATH}/ObjectMapper.framework",
				"${TARGET_BUILD_DIR}/${FRAMEWORKS_FOLDER_PATH}/RxAlamofire.framework",
				"${TARGET_BUILD_DIR}/${FRAMEWORKS_FOLDER_PATH}/RxCocoa.framework",
				"${TARGET_BUILD_DIR}/${FRAMEWORKS_FOLDER_PATH}/RxSwift.framework",
				"${TARGET_BUILD_DIR}/${FRAMEWORKS_FOLDER_PATH}/Nimble.framework",
				"${TARGET_BUILD_DIR}/${FRAMEWORKS_FOLDER_PATH}/Quick.framework",
			);
			runOnlyForDeploymentPostprocessing = 0;
			shellPath = /bin/sh;
			shellScript = "\"${SRCROOT}/Pods/Target Support Files/Pods-demo-demoTests/Pods-demo-demoTests-frameworks.sh\"\n";
			showEnvVarsInLog = 0;
		};
		26D4A1C494CF58972EF9F078 /* [CP] Copy Pods Resources */ = {
			isa = PBXShellScriptBuildPhase;
			buildActionMask = 2147483647;
			files = (
			);
			inputPaths = (
			);
			name = "[CP] Copy Pods Resources";
			outputPaths = (
			);
			runOnlyForDeploymentPostprocessing = 0;
			shellPath = /bin/sh;
			shellScript = "\"${SRCROOT}/Pods/Target Support Files/Pods-demo-demoTests/Pods-demo-demoTests-resources.sh\"\n";
			showEnvVarsInLog = 0;
		};
		4FDF70A1CFF41DC7A3246E7C /* [CP] Copy Pods Resources */ = {
			isa = PBXShellScriptBuildPhase;
			buildActionMask = 2147483647;
			files = (
			);
			inputPaths = (
			);
			name = "[CP] Copy Pods Resources";
			outputPaths = (
			);
			runOnlyForDeploymentPostprocessing = 0;
			shellPath = /bin/sh;
			shellScript = "\"${SRCROOT}/Pods/Target Support Files/Pods-demo-demoUITests/Pods-demo-demoUITests-resources.sh\"\n";
			showEnvVarsInLog = 0;
		};
		947C106C6D80CA063D55BEAE /* [CP] Check Pods Manifest.lock */ = {
			isa = PBXShellScriptBuildPhase;
			buildActionMask = 2147483647;
			files = (
			);
			inputPaths = (
				"${PODS_PODFILE_DIR_PATH}/Podfile.lock",
				"${PODS_ROOT}/Manifest.lock",
			);
			name = "[CP] Check Pods Manifest.lock";
			outputPaths = (
				"$(DERIVED_FILE_DIR)/Pods-demo-checkManifestLockResult.txt",
			);
			runOnlyForDeploymentPostprocessing = 0;
			shellPath = /bin/sh;
			shellScript = "diff \"${PODS_PODFILE_DIR_PATH}/Podfile.lock\" \"${PODS_ROOT}/Manifest.lock\" > /dev/null\nif [ $? != 0 ] ; then\n    # print error to STDERR\n    echo \"error: The sandbox is not in sync with the Podfile.lock. Run 'pod install' or update your CocoaPods installation.\" >&2\n    exit 1\nfi\n# This output is used by Xcode 'outputs' to avoid re-running this script phase.\necho \"SUCCESS\" > \"${SCRIPT_OUTPUT_FILE_0}\"\n";
			showEnvVarsInLog = 0;
		};
		965AA3E024585557DC391BE5 /* [CP] Check Pods Manifest.lock */ = {
			isa = PBXShellScriptBuildPhase;
			buildActionMask = 2147483647;
			files = (
			);
			inputPaths = (
				"${PODS_PODFILE_DIR_PATH}/Podfile.lock",
				"${PODS_ROOT}/Manifest.lock",
			);
			name = "[CP] Check Pods Manifest.lock";
			outputPaths = (
				"$(DERIVED_FILE_DIR)/Pods-demo-demoUITests-checkManifestLockResult.txt",
			);
			runOnlyForDeploymentPostprocessing = 0;
			shellPath = /bin/sh;
			shellScript = "diff \"${PODS_PODFILE_DIR_PATH}/Podfile.lock\" \"${PODS_ROOT}/Manifest.lock\" > /dev/null\nif [ $? != 0 ] ; then\n    # print error to STDERR\n    echo \"error: The sandbox is not in sync with the Podfile.lock. Run 'pod install' or update your CocoaPods installation.\" >&2\n    exit 1\nfi\n# This output is used by Xcode 'outputs' to avoid re-running this script phase.\necho \"SUCCESS\" > \"${SCRIPT_OUTPUT_FILE_0}\"\n";
			showEnvVarsInLog = 0;
		};
		B045882F126105150CFB1213 /* [CP] Embed Pods Frameworks */ = {
			isa = PBXShellScriptBuildPhase;
			buildActionMask = 2147483647;
			files = (
			);
			inputPaths = (
				"${SRCROOT}/Pods/Target Support Files/Pods-demo/Pods-demo-frameworks.sh",
				"${BUILT_PRODUCTS_DIR}/Alamofire/Alamofire.framework",
				"${BUILT_PRODUCTS_DIR}/AlamofireObjectMapper/AlamofireObjectMapper.framework",
				"${BUILT_PRODUCTS_DIR}/Localize-Swift/Localize_Swift.framework",
				"${BUILT_PRODUCTS_DIR}/ObjectMapper/ObjectMapper.framework",
				"${BUILT_PRODUCTS_DIR}/RxAlamofire/RxAlamofire.framework",
				"${BUILT_PRODUCTS_DIR}/RxCocoa/RxCocoa.framework",
				"${BUILT_PRODUCTS_DIR}/RxSwift/RxSwift.framework",
			);
			name = "[CP] Embed Pods Frameworks";
			outputPaths = (
				"${TARGET_BUILD_DIR}/${FRAMEWORKS_FOLDER_PATH}/Alamofire.framework",
				"${TARGET_BUILD_DIR}/${FRAMEWORKS_FOLDER_PATH}/AlamofireObjectMapper.framework",
				"${TARGET_BUILD_DIR}/${FRAMEWORKS_FOLDER_PATH}/Localize_Swift.framework",
				"${TARGET_BUILD_DIR}/${FRAMEWORKS_FOLDER_PATH}/ObjectMapper.framework",
				"${TARGET_BUILD_DIR}/${FRAMEWORKS_FOLDER_PATH}/RxAlamofire.framework",
				"${TARGET_BUILD_DIR}/${FRAMEWORKS_FOLDER_PATH}/RxCocoa.framework",
				"${TARGET_BUILD_DIR}/${FRAMEWORKS_FOLDER_PATH}/RxSwift.framework",
			);
			runOnlyForDeploymentPostprocessing = 0;
			shellPath = /bin/sh;
			shellScript = "\"${SRCROOT}/Pods/Target Support Files/Pods-demo/Pods-demo-frameworks.sh\"\n";
			showEnvVarsInLog = 0;
		};
		C5CBE2A20DF61EEF887B9764 /* [CP] Embed Pods Frameworks */ = {
			isa = PBXShellScriptBuildPhase;
			buildActionMask = 2147483647;
			files = (
			);
			inputPaths = (
				"${SRCROOT}/Pods/Target Support Files/Pods-demo-demoUITests/Pods-demo-demoUITests-frameworks.sh",
				"${BUILT_PRODUCTS_DIR}/Alamofire/Alamofire.framework",
				"${BUILT_PRODUCTS_DIR}/AlamofireObjectMapper/AlamofireObjectMapper.framework",
				"${BUILT_PRODUCTS_DIR}/Localize-Swift/Localize_Swift.framework",
				"${BUILT_PRODUCTS_DIR}/ObjectMapper/ObjectMapper.framework",
				"${BUILT_PRODUCTS_DIR}/RxAlamofire/RxAlamofire.framework",
				"${BUILT_PRODUCTS_DIR}/RxCocoa/RxCocoa.framework",
				"${BUILT_PRODUCTS_DIR}/RxSwift/RxSwift.framework",
				"${BUILT_PRODUCTS_DIR}/Nimble/Nimble.framework",
				"${BUILT_PRODUCTS_DIR}/Quick/Quick.framework",
			);
			name = "[CP] Embed Pods Frameworks";
			outputPaths = (
				"${TARGET_BUILD_DIR}/${FRAMEWORKS_FOLDER_PATH}/Alamofire.framework",
				"${TARGET_BUILD_DIR}/${FRAMEWORKS_FOLDER_PATH}/AlamofireObjectMapper.framework",
				"${TARGET_BUILD_DIR}/${FRAMEWORKS_FOLDER_PATH}/Localize_Swift.framework",
				"${TARGET_BUILD_DIR}/${FRAMEWORKS_FOLDER_PATH}/ObjectMapper.framework",
				"${TARGET_BUILD_DIR}/${FRAMEWORKS_FOLDER_PATH}/RxAlamofire.framework",
				"${TARGET_BUILD_DIR}/${FRAMEWORKS_FOLDER_PATH}/RxCocoa.framework",
				"${TARGET_BUILD_DIR}/${FRAMEWORKS_FOLDER_PATH}/RxSwift.framework",
				"${TARGET_BUILD_DIR}/${FRAMEWORKS_FOLDER_PATH}/Nimble.framework",
				"${TARGET_BUILD_DIR}/${FRAMEWORKS_FOLDER_PATH}/Quick.framework",
			);
			runOnlyForDeploymentPostprocessing = 0;
			shellPath = /bin/sh;
			shellScript = "\"${SRCROOT}/Pods/Target Support Files/Pods-demo-demoUITests/Pods-demo-demoUITests-frameworks.sh\"\n";
			showEnvVarsInLog = 0;
		};
		E4B18767047E9AD6E54AAA08 /* [CP] Copy Pods Resources */ = {
			isa = PBXShellScriptBuildPhase;
			buildActionMask = 2147483647;
			files = (
			);
			inputPaths = (
			);
			name = "[CP] Copy Pods Resources";
			outputPaths = (
			);
			runOnlyForDeploymentPostprocessing = 0;
			shellPath = /bin/sh;
			shellScript = "\"${SRCROOT}/Pods/Target Support Files/Pods-demo/Pods-demo-resources.sh\"\n";
			showEnvVarsInLog = 0;
		};
		FBE8BCDD13A9571E30E7D222 /* [CP] Check Pods Manifest.lock */ = {
			isa = PBXShellScriptBuildPhase;
			buildActionMask = 2147483647;
			files = (
			);
			inputPaths = (
				"${PODS_PODFILE_DIR_PATH}/Podfile.lock",
				"${PODS_ROOT}/Manifest.lock",
			);
			name = "[CP] Check Pods Manifest.lock";
			outputPaths = (
				"$(DERIVED_FILE_DIR)/Pods-demo-demoTests-checkManifestLockResult.txt",
			);
			runOnlyForDeploymentPostprocessing = 0;
			shellPath = /bin/sh;
			shellScript = "diff \"${PODS_PODFILE_DIR_PATH}/Podfile.lock\" \"${PODS_ROOT}/Manifest.lock\" > /dev/null\nif [ $? != 0 ] ; then\n    # print error to STDERR\n    echo \"error: The sandbox is not in sync with the Podfile.lock. Run 'pod install' or update your CocoaPods installation.\" >&2\n    exit 1\nfi\n# This output is used by Xcode 'outputs' to avoid re-running this script phase.\necho \"SUCCESS\" > \"${SCRIPT_OUTPUT_FILE_0}\"\n";
			showEnvVarsInLog = 0;
		};
/* End PBXShellScriptBuildPhase section */

/* Begin PBXSourcesBuildPhase section */
		8FE4EF0C2072AC1400058CD1 /* Sources */ = {
			isa = PBXSourcesBuildPhase;
			buildActionMask = 2147483647;
			files = (
				8F33EDB220743A4B00F210D2 /* UIViewExtensions.swift in Sources */,
				8F33EDAB2074388900F210D2 /* PlaceMarkTabPresenterInput.swift in Sources */,
				8F33EDB02074388900F210D2 /* PlaceMarkPresenter.swift in Sources */,
				8FE4EF162072AC1400058CD1 /* TabsViewController.swift in Sources */,
				8F33EDAF2074388900F210D2 /* PlaceMarkTabViewInput.swift in Sources */,
				8F33ED9120742D4C00F210D2 /* AppUtils.swift in Sources */,
				8F33EDAE2074388900F210D2 /* PlaceMarkInteractor.swift in Sources */,
				8FDC58AF2072E31500F56F32 /* CarTabViewController.swift in Sources */,
				8FE4EF142072AC1400058CD1 /* AppDelegate.swift in Sources */,
				8FA730262072C75A00339030 /* AlamofireDataRequestExtensions.swift in Sources */,
				8F33ED83207423ED00F210D2 /* CarTableViewDataSource.swift in Sources */,
				8FA730152072BB8400339030 /* PlacemarkResponse.swift in Sources */,
				8F33ED792074174300F210D2 /* CarInfoTableViewCell.swift in Sources */,
				8FA7300C2072B45600339030 /* BaseViewController.swift in Sources */,
				8F33EDAC2074388900F210D2 /* PlaceMarkInteractorOutput.swift in Sources */,
				8FA730272072C75A00339030 /* BaseMappableNetworkRequest.swift in Sources */,
				8F33EDAD2074388900F210D2 /* PlaceMarkInteractorInput.swift in Sources */,
				8FA730172072BB8D00339030 /* Placemark.swift in Sources */,
				8FDC58AD2072E30E00F56F32 /* MapTabViewController.swift in Sources */,
				8F33ED7B20741BAE00F210D2 /* IntExtensions.swift in Sources */,
				8FA7300F2072B4DE00339030 /* Constants.swift in Sources */,
				8FA730212072C73600339030 /* PlacemarkListService.swift in Sources */,
				8FA730282072C75A00339030 /* BaseNetworkRequest.swift in Sources */,
			);
			runOnlyForDeploymentPostprocessing = 0;
		};
		8FE4EF202072AC1500058CD1 /* Sources */ = {
			isa = PBXSourcesBuildPhase;
			buildActionMask = 2147483647;
			files = (
				8FE4EF292072AC1500058CD1 /* demoTests.swift in Sources */,
				8F33ED8120741C4900F210D2 /* TestHelper.swift in Sources */,
				8FA730122072B56200339030 /* ConstantsTests.swift in Sources */,
				8F33ED7F20741C2900F210D2 /* CarInfoTableViewCellTests.swift in Sources */,
				8FA730192072BC1400339030 /* PlacemarkResponseTests.swift in Sources */,
			);
			runOnlyForDeploymentPostprocessing = 0;
		};
		8FE4EF2B2072AC1500058CD1 /* Sources */ = {
			isa = PBXSourcesBuildPhase;
			buildActionMask = 2147483647;
			files = (
				8FE4EF342072AC1500058CD1 /* demoUITests.swift in Sources */,
			);
			runOnlyForDeploymentPostprocessing = 0;
		};
/* End PBXSourcesBuildPhase section */

/* Begin PBXTargetDependency section */
		8FE4EF262072AC1500058CD1 /* PBXTargetDependency */ = {
			isa = PBXTargetDependency;
			target = 8FE4EF0F2072AC1400058CD1 /* demo */;
			targetProxy = 8FE4EF252072AC1500058CD1 /* PBXContainerItemProxy */;
		};
		8FE4EF312072AC1500058CD1 /* PBXTargetDependency */ = {
			isa = PBXTargetDependency;
			target = 8FE4EF0F2072AC1400058CD1 /* demo */;
			targetProxy = 8FE4EF302072AC1500058CD1 /* PBXContainerItemProxy */;
		};
/* End PBXTargetDependency section */

/* Begin PBXVariantGroup section */
		8FE4EF172072AC1400058CD1 /* Main.storyboard */ = {
			isa = PBXVariantGroup;
			children = (
				8FE4EF182072AC1400058CD1 /* Base */,
			);
			name = Main.storyboard;
			sourceTree = "<group>";
		};
		8FE4EF1C2072AC1400058CD1 /* LaunchScreen.storyboard */ = {
			isa = PBXVariantGroup;
			children = (
				8FE4EF1D2072AC1400058CD1 /* Base */,
			);
			name = LaunchScreen.storyboard;
			sourceTree = "<group>";
		};
/* End PBXVariantGroup section */

/* Begin XCBuildConfiguration section */
		8FE4EF362072AC1500058CD1 /* Debug */ = {
			isa = XCBuildConfiguration;
			buildSettings = {
				ALWAYS_SEARCH_USER_PATHS = NO;
				CLANG_ANALYZER_NONNULL = YES;
				CLANG_ANALYZER_NUMBER_OBJECT_CONVERSION = YES_AGGRESSIVE;
				CLANG_CXX_LANGUAGE_STANDARD = "gnu++14";
				CLANG_CXX_LIBRARY = "libc++";
				CLANG_ENABLE_MODULES = YES;
				CLANG_ENABLE_OBJC_ARC = YES;
				CLANG_WARN_BLOCK_CAPTURE_AUTORELEASING = YES;
				CLANG_WARN_BOOL_CONVERSION = YES;
				CLANG_WARN_COMMA = YES;
				CLANG_WARN_CONSTANT_CONVERSION = YES;
				CLANG_WARN_DIRECT_OBJC_ISA_USAGE = YES_ERROR;
				CLANG_WARN_DOCUMENTATION_COMMENTS = YES;
				CLANG_WARN_EMPTY_BODY = YES;
				CLANG_WARN_ENUM_CONVERSION = YES;
				CLANG_WARN_INFINITE_RECURSION = YES;
				CLANG_WARN_INT_CONVERSION = YES;
				CLANG_WARN_NON_LITERAL_NULL_CONVERSION = YES;
				CLANG_WARN_OBJC_LITERAL_CONVERSION = YES;
				CLANG_WARN_OBJC_ROOT_CLASS = YES_ERROR;
				CLANG_WARN_RANGE_LOOP_ANALYSIS = YES;
				CLANG_WARN_STRICT_PROTOTYPES = YES;
				CLANG_WARN_SUSPICIOUS_MOVE = YES;
				CLANG_WARN_UNGUARDED_AVAILABILITY = YES_AGGRESSIVE;
				CLANG_WARN_UNREACHABLE_CODE = YES;
				CLANG_WARN__DUPLICATE_METHOD_MATCH = YES;
				CODE_SIGN_IDENTITY = "iPhone Developer";
				COPY_PHASE_STRIP = NO;
				DEBUG_INFORMATION_FORMAT = dwarf;
				ENABLE_STRICT_OBJC_MSGSEND = YES;
				ENABLE_TESTABILITY = YES;
				GCC_C_LANGUAGE_STANDARD = gnu11;
				GCC_DYNAMIC_NO_PIC = NO;
				GCC_NO_COMMON_BLOCKS = YES;
				GCC_OPTIMIZATION_LEVEL = 0;
				GCC_PREPROCESSOR_DEFINITIONS = (
					"DEBUG=1",
					"$(inherited)",
				);
				GCC_WARN_64_TO_32_BIT_CONVERSION = YES;
				GCC_WARN_ABOUT_RETURN_TYPE = YES_ERROR;
				GCC_WARN_UNDECLARED_SELECTOR = YES;
				GCC_WARN_UNINITIALIZED_AUTOS = YES_AGGRESSIVE;
				GCC_WARN_UNUSED_FUNCTION = YES;
				GCC_WARN_UNUSED_VARIABLE = YES;
				IPHONEOS_DEPLOYMENT_TARGET = 11.2;
				MTL_ENABLE_DEBUG_INFO = YES;
				ONLY_ACTIVE_ARCH = YES;
				SDKROOT = iphoneos;
				SWIFT_ACTIVE_COMPILATION_CONDITIONS = DEBUG;
				SWIFT_OPTIMIZATION_LEVEL = "-Onone";
			};
			name = Debug;
		};
		8FE4EF372072AC1500058CD1 /* Release */ = {
			isa = XCBuildConfiguration;
			buildSettings = {
				ALWAYS_SEARCH_USER_PATHS = NO;
				CLANG_ANALYZER_NONNULL = YES;
				CLANG_ANALYZER_NUMBER_OBJECT_CONVERSION = YES_AGGRESSIVE;
				CLANG_CXX_LANGUAGE_STANDARD = "gnu++14";
				CLANG_CXX_LIBRARY = "libc++";
				CLANG_ENABLE_MODULES = YES;
				CLANG_ENABLE_OBJC_ARC = YES;
				CLANG_WARN_BLOCK_CAPTURE_AUTORELEASING = YES;
				CLANG_WARN_BOOL_CONVERSION = YES;
				CLANG_WARN_COMMA = YES;
				CLANG_WARN_CONSTANT_CONVERSION = YES;
				CLANG_WARN_DIRECT_OBJC_ISA_USAGE = YES_ERROR;
				CLANG_WARN_DOCUMENTATION_COMMENTS = YES;
				CLANG_WARN_EMPTY_BODY = YES;
				CLANG_WARN_ENUM_CONVERSION = YES;
				CLANG_WARN_INFINITE_RECURSION = YES;
				CLANG_WARN_INT_CONVERSION = YES;
				CLANG_WARN_NON_LITERAL_NULL_CONVERSION = YES;
				CLANG_WARN_OBJC_LITERAL_CONVERSION = YES;
				CLANG_WARN_OBJC_ROOT_CLASS = YES_ERROR;
				CLANG_WARN_RANGE_LOOP_ANALYSIS = YES;
				CLANG_WARN_STRICT_PROTOTYPES = YES;
				CLANG_WARN_SUSPICIOUS_MOVE = YES;
				CLANG_WARN_UNGUARDED_AVAILABILITY = YES_AGGRESSIVE;
				CLANG_WARN_UNREACHABLE_CODE = YES;
				CLANG_WARN__DUPLICATE_METHOD_MATCH = YES;
				CODE_SIGN_IDENTITY = "iPhone Developer";
				COPY_PHASE_STRIP = NO;
				DEBUG_INFORMATION_FORMAT = "dwarf-with-dsym";
				ENABLE_NS_ASSERTIONS = NO;
				ENABLE_STRICT_OBJC_MSGSEND = YES;
				GCC_C_LANGUAGE_STANDARD = gnu11;
				GCC_NO_COMMON_BLOCKS = YES;
				GCC_WARN_64_TO_32_BIT_CONVERSION = YES;
				GCC_WARN_ABOUT_RETURN_TYPE = YES_ERROR;
				GCC_WARN_UNDECLARED_SELECTOR = YES;
				GCC_WARN_UNINITIALIZED_AUTOS = YES_AGGRESSIVE;
				GCC_WARN_UNUSED_FUNCTION = YES;
				GCC_WARN_UNUSED_VARIABLE = YES;
				IPHONEOS_DEPLOYMENT_TARGET = 11.2;
				MTL_ENABLE_DEBUG_INFO = NO;
				SDKROOT = iphoneos;
				SWIFT_OPTIMIZATION_LEVEL = "-Owholemodule";
				VALIDATE_PRODUCT = YES;
			};
			name = Release;
		};
		8FE4EF392072AC1500058CD1 /* Debug */ = {
			isa = XCBuildConfiguration;
			baseConfigurationReference = 6517B9E76C0D8B4070D948F6 /* Pods-demo.debug.xcconfig */;
			buildSettings = {
				ASSETCATALOG_COMPILER_APPICON_NAME = AppIcon;
				"CODE_SIGN_IDENTITY[sdk=iphoneos*]" = "iPhone Developer";
				CODE_SIGN_STYLE = Automatic;
				DEVELOPMENT_TEAM = 9JZ2WF5GJ3;
				INFOPLIST_FILE = demo/Info.plist;
				LD_RUNPATH_SEARCH_PATHS = "$(inherited) @executable_path/Frameworks";
				PRODUCT_BUNDLE_IDENTIFIER = org.wunder.demo.2;
				PRODUCT_NAME = "$(TARGET_NAME)";
				PROVISIONING_PROFILE_SPECIFIER = "";
				SWIFT_VERSION = 4.0;
				TARGETED_DEVICE_FAMILY = "1,2";
			};
			name = Debug;
		};
		8FE4EF3A2072AC1500058CD1 /* Release */ = {
			isa = XCBuildConfiguration;
			baseConfigurationReference = F77C29E1F12A47ECF40669F3 /* Pods-demo.release.xcconfig */;
			buildSettings = {
				ASSETCATALOG_COMPILER_APPICON_NAME = AppIcon;
				"CODE_SIGN_IDENTITY[sdk=iphoneos*]" = "iPhone Developer";
				CODE_SIGN_STYLE = Automatic;
				DEVELOPMENT_TEAM = 9JZ2WF5GJ3;
				INFOPLIST_FILE = demo/Info.plist;
				LD_RUNPATH_SEARCH_PATHS = "$(inherited) @executable_path/Frameworks";
				PRODUCT_BUNDLE_IDENTIFIER = org.wunder.demo.2;
				PRODUCT_NAME = "$(TARGET_NAME)";
				PROVISIONING_PROFILE_SPECIFIER = "";
				SWIFT_VERSION = 4.0;
				TARGETED_DEVICE_FAMILY = "1,2";
			};
			name = Release;
		};
		8FE4EF3C2072AC1500058CD1 /* Debug */ = {
			isa = XCBuildConfiguration;
			baseConfigurationReference = 38758ED84E870059870926DB /* Pods-demo-demoTests.debug.xcconfig */;
			buildSettings = {
				ALWAYS_EMBED_SWIFT_STANDARD_LIBRARIES = YES;
				BUNDLE_LOADER = "$(TEST_HOST)";
				CODE_SIGN_STYLE = Automatic;
				DEVELOPMENT_TEAM = 9JZ2WF5GJ3;
				INFOPLIST_FILE = demoTests/Info.plist;
				LD_RUNPATH_SEARCH_PATHS = "$(inherited) @executable_path/Frameworks @loader_path/Frameworks";
				PRODUCT_BUNDLE_IDENTIFIER = org.wunder.demoTests;
				PRODUCT_NAME = "$(TARGET_NAME)";
				SWIFT_VERSION = 4.0;
				TARGETED_DEVICE_FAMILY = "1,2";
				TEST_HOST = "$(BUILT_PRODUCTS_DIR)/demo.app/demo";
			};
			name = Debug;
		};
		8FE4EF3D2072AC1500058CD1 /* Release */ = {
			isa = XCBuildConfiguration;
			baseConfigurationReference = 044A856AFB17915064FAA2AA /* Pods-demo-demoTests.release.xcconfig */;
			buildSettings = {
				ALWAYS_EMBED_SWIFT_STANDARD_LIBRARIES = YES;
				BUNDLE_LOADER = "$(TEST_HOST)";
				CODE_SIGN_STYLE = Automatic;
				DEVELOPMENT_TEAM = 9JZ2WF5GJ3;
				INFOPLIST_FILE = demoTests/Info.plist;
				LD_RUNPATH_SEARCH_PATHS = "$(inherited) @executable_path/Frameworks @loader_path/Frameworks";
				PRODUCT_BUNDLE_IDENTIFIER = org.wunder.demoTests;
				PRODUCT_NAME = "$(TARGET_NAME)";
				SWIFT_VERSION = 4.0;
				TARGETED_DEVICE_FAMILY = "1,2";
				TEST_HOST = "$(BUILT_PRODUCTS_DIR)/demo.app/demo";
			};
			name = Release;
		};
		8FE4EF3F2072AC1500058CD1 /* Debug */ = {
			isa = XCBuildConfiguration;
			baseConfigurationReference = 1DC914F407BAD680F3D34426 /* Pods-demo-demoUITests.debug.xcconfig */;
			buildSettings = {
				ALWAYS_EMBED_SWIFT_STANDARD_LIBRARIES = YES;
				CODE_SIGN_STYLE = Automatic;
				DEVELOPMENT_TEAM = 9JZ2WF5GJ3;
				INFOPLIST_FILE = demoUITests/Info.plist;
				LD_RUNPATH_SEARCH_PATHS = "$(inherited) @executable_path/Frameworks @loader_path/Frameworks";
				PRODUCT_BUNDLE_IDENTIFIER = org.wunder.demoUITests;
				PRODUCT_NAME = "$(TARGET_NAME)";
				SWIFT_VERSION = 4.0;
				TARGETED_DEVICE_FAMILY = "1,2";
				TEST_TARGET_NAME = demo;
			};
			name = Debug;
		};
		8FE4EF402072AC1500058CD1 /* Release */ = {
			isa = XCBuildConfiguration;
			baseConfigurationReference = C341F7A201BCEB27455F2562 /* Pods-demo-demoUITests.release.xcconfig */;
			buildSettings = {
				ALWAYS_EMBED_SWIFT_STANDARD_LIBRARIES = YES;
				CODE_SIGN_STYLE = Automatic;
				DEVELOPMENT_TEAM = 9JZ2WF5GJ3;
				INFOPLIST_FILE = demoUITests/Info.plist;
				LD_RUNPATH_SEARCH_PATHS = "$(inherited) @executable_path/Frameworks @loader_path/Frameworks";
				PRODUCT_BUNDLE_IDENTIFIER = org.wunder.demoUITests;
				PRODUCT_NAME = "$(TARGET_NAME)";
				SWIFT_VERSION = 4.0;
				TARGETED_DEVICE_FAMILY = "1,2";
				TEST_TARGET_NAME = demo;
			};
			name = Release;
		};
/* End XCBuildConfiguration section */

/* Begin XCConfigurationList section */
		8FE4EF0B2072AC1400058CD1 /* Build configuration list for PBXProject "demo" */ = {
			isa = XCConfigurationList;
			buildConfigurations = (
				8FE4EF362072AC1500058CD1 /* Debug */,
				8FE4EF372072AC1500058CD1 /* Release */,
			);
			defaultConfigurationIsVisible = 0;
			defaultConfigurationName = Release;
		};
		8FE4EF382072AC1500058CD1 /* Build configuration list for PBXNativeTarget "demo" */ = {
			isa = XCConfigurationList;
			buildConfigurations = (
				8FE4EF392072AC1500058CD1 /* Debug */,
				8FE4EF3A2072AC1500058CD1 /* Release */,
			);
			defaultConfigurationIsVisible = 0;
			defaultConfigurationName = Release;
		};
		8FE4EF3B2072AC1500058CD1 /* Build configuration list for PBXNativeTarget "demoTests" */ = {
			isa = XCConfigurationList;
			buildConfigurations = (
				8FE4EF3C2072AC1500058CD1 /* Debug */,
				8FE4EF3D2072AC1500058CD1 /* Release */,
			);
			defaultConfigurationIsVisible = 0;
			defaultConfigurationName = Release;
		};
		8FE4EF3E2072AC1500058CD1 /* Build configuration list for PBXNativeTarget "demoUITests" */ = {
			isa = XCConfigurationList;
			buildConfigurations = (
				8FE4EF3F2072AC1500058CD1 /* Debug */,
				8FE4EF402072AC1500058CD1 /* Release */,
			);
			defaultConfigurationIsVisible = 0;
			defaultConfigurationName = Release;
		};
/* End XCConfigurationList section */
	};
	rootObject = 8FE4EF082072AC1400058CD1 /* Project object */;
}
